
Microsoft Visual Studio Solution File, Format Version 12.00
# Visual Studio Version 17
VisualStudioVersion = 17.5.33530.505
MinimumVisualStudioVersion = 10.0.40219.1
Project("{FAE04EC0-301F-11D3-BF4B-00C04F79EFBC}") = "limefarm", "limefarm.csproj", "{50E15765-3EE1-401B-895D-8497D8E1E46A}"
EndProject
Global
	GlobalSection(SolutionConfigurationPlatforms) = preSolution
		Debug|Any CPU = Debug|Any CPU
		Release|Any CPU = Release|Any CPU
	EndGlobalSection
	GlobalSection(ProjectConfigurationPlatforms) = postSolution
		{50E15765-3EE1-401B-895D-8497D8E1E46A}.Debug|Any CPU.ActiveCfg = Debug|Any CPU
		{50E15765-3EE1-401B-895D-8497D8E1E46A}.Debug|Any CPU.Build.0 = Debug|Any CPU
		{50E15765-3EE1-401B-895D-8497D8E1E46A}.Release|Any CPU.ActiveCfg = Release|Any CPU
		{50E15765-3EE1-401B-895D-8497D8E1E46A}.Release|Any CPU.Build.0 = Release|Any CPU
	EndGlobalSection
	GlobalSection(SolutionProperties) = preSolution
		HideSolutionNode = FALSE
	EndGlobalSection
	GlobalSection(ExtensibilityGlobals) = postSolution
		SolutionGuid = {E428BA3D-9AF5-469B-A197-3338FE02FB0E}
	EndGlobalSection
EndGlobal
